# THIS IS AN AUTOGENERATED FILE. DO NOT EDIT THIS FILE DIRECTLY.
# yarn lockfile v1


"@girs/adw-1@^1.4.3-3.3.0":
  version "1.4.3-3.3.0"
  resolved "https://registry.yarnpkg.com/@girs/adw-1/-/adw-1-1.4.3-3.3.0.tgz#20487aaedb551d8da9bbc01bc78619024745c363"
  integrity sha512-BZBGnR+NjDyO4bUvY9WgWw2laFwVjNEye53NbyP/OyKgLViJmRd9eNdfb5743zLtjAvs3eB+5XIp1A5L0F9vqA==
  dependencies:
    "@girs/cairo-1.0" "^1.0.0-3.3.0"
    "@girs/freetype2-2.0" "^2.0.0-3.3.0"
    "@girs/gdk-4.0" "^4.0.0-3.3.0"
    "@girs/gdkpixbuf-2.0" "^2.0.0-3.3.0"
    "@girs/gio-2.0" "^2.78.0-3.3.0"
    "@girs/gjs" "^3.3.0"
    "@girs/glib-2.0" "^2.78.0-3.3.0"
    "@girs/gmodule-2.0" "^2.0.0-3.3.0"
    "@girs/gobject-2.0" "^2.78.0-3.3.0"
    "@girs/graphene-1.0" "^1.0.0-3.3.0"
    "@girs/gsk-4.0" "^4.0.0-3.3.0"
    "@girs/gtk-4.0" "^4.12.5-3.3.0"
    "@girs/harfbuzz-0.0" "^8.2.1-3.3.0"
    "@girs/pango-1.0" "^1.51.0-3.3.0"
    "@girs/pangocairo-1.0" "^1.0.0-3.3.0"

"@girs/cairo-1.0@^1.0.0-3.3.0":
  version "1.0.0-3.3.0"
  resolved "https://registry.yarnpkg.com/@girs/cairo-1.0/-/cairo-1.0-1.0.0-3.3.0.tgz#98eb9b199b08aa09b1640b0b369940b97ca5d952"
  integrity sha512-T879xrAa+V4T+uphu1niSnF2KTMMB+OSE5iH3iJbH8vq+HZJfo5YB1Kih6KWYByVLcqs+S/zLpK3Q/R5Ut4XaA==
  dependencies:
    "@girs/gjs" "^3.3.0"
    "@girs/glib-2.0" "^2.78.0-3.3.0"
    "@girs/gobject-2.0" "^2.78.0-3.3.0"

"@girs/freetype2-2.0@^2.0.0-3.3.0":
  version "2.0.0-3.3.0"
  resolved "https://registry.yarnpkg.com/@girs/freetype2-2.0/-/freetype2-2.0-2.0.0-3.3.0.tgz#ca2bed1b63c301fcd5c46e42a4b75d42e8632b2c"
  integrity sha512-kysYooLkRbHVIYnQxzljaakt9R/daRG3Po704+0jH6X8W/JBxiWOaHNglNFYC7wfynYTwxnGmOG/5oXLSdS64g==
  dependencies:
    "@girs/gjs" "^3.3.0"
    "@girs/gobject-2.0" "^2.78.0-3.3.0"

"@girs/gdk-4.0@^4.0.0-3.3.0":
  version "4.0.0-3.3.0"
  resolved "https://registry.yarnpkg.com/@girs/gdk-4.0/-/gdk-4.0-4.0.0-3.3.0.tgz#f6550e53e2da2ee5f78b0bae29055e686fd953ed"
  integrity sha512-ExHbUi+oVVBJnEfwzqq1QODEXKGX+cieCyqgiuseCdHJZjU13RhPbPWLNINkcxGfDDjTZrwHaUaAoe6oJkgxFw==
  dependencies:
    "@girs/cairo-1.0" "^1.0.0-3.3.0"
    "@girs/freetype2-2.0" "^2.0.0-3.3.0"
    "@girs/gdkpixbuf-2.0" "^2.0.0-3.3.0"
    "@girs/gio-2.0" "^2.78.0-3.3.0"
    "@girs/gjs" "^3.3.0"
    "@girs/glib-2.0" "^2.78.0-3.3.0"
    "@girs/gmodule-2.0" "^2.0.0-3.3.0"
    "@girs/gobject-2.0" "^2.78.0-3.3.0"
    "@girs/harfbuzz-0.0" "^8.2.1-3.3.0"
    "@girs/pango-1.0" "^1.51.0-3.3.0"
    "@girs/pangocairo-1.0" "^1.0.0-3.3.0"

"@girs/gdkpixbuf-2.0@^2.0.0-3.3.0":
  version "2.0.0-3.3.0"
  resolved "https://registry.yarnpkg.com/@girs/gdkpixbuf-2.0/-/gdkpixbuf-2.0-2.0.0-3.3.0.tgz#c99b899c6601279d3e96540e63036a378e3e8bf4"
  integrity sha512-hdgb16YgkT70h9A7243XatjL6kooLoJ8VT0rPwC/tjE8MXcG4mpcC1RliRLrASPozUcB2pDuM17VsTSBUJYBcg==
  dependencies:
    "@girs/gio-2.0" "^2.78.0-3.3.0"
    "@girs/gjs" "^3.3.0"
    "@girs/glib-2.0" "^2.78.0-3.3.0"
    "@girs/gmodule-2.0" "^2.0.0-3.3.0"
    "@girs/gobject-2.0" "^2.78.0-3.3.0"

"@girs/gio-2.0@^2.78.0-3.3.0":
  version "2.78.0-3.3.0"
  resolved "https://registry.yarnpkg.com/@girs/gio-2.0/-/gio-2.0-2.78.0-3.3.0.tgz#953642a03288721f78c375c0343e4561de18fc3d"
  integrity sha512-39VvlB9Mzikh39cR80VMbsNxW4TG9axCKQwzAtEEwaSmvj6PzOo7KpGQ4/prRH98F1mAKQ1muLWz4H3A+zz3NA==
  dependencies:
    "@girs/gjs" "^3.3.0"
    "@girs/glib-2.0" "^2.78.0-3.3.0"
    "@girs/gobject-2.0" "^2.78.0-3.3.0"

"@girs/gjs@^3.3.0":
  version "3.3.0"
  resolved "https://registry.yarnpkg.com/@girs/gjs/-/gjs-3.3.0.tgz#03dceade425c52a5363b61d710dc65c63e09ea3d"
  integrity sha512-5cQaouORn53vLM+cFAEOzJuzcm47eH86R2OGUgrHIL4KT7sEm+BKkhqlI67m+iJUMl/I72P2Hfe+Am4jl0YxlQ==
  dependencies:
    "@girs/glib-2.0" "^2.78.0-3.3.0"
    "@girs/gobject-2.0" "^2.78.0-3.3.0"

"@girs/glib-2.0@^2.78.0-3.3.0":
  version "2.78.0-3.3.0"
  resolved "https://registry.yarnpkg.com/@girs/glib-2.0/-/glib-2.0-2.78.0-3.3.0.tgz#8a8b1a988da8a298165ec46ddec4f689ba789161"
  integrity sha512-XuoKuOm9aNVou+yWtlbcwEcNI7v1gCJUBQboPlZxft+o9CnP2FmwRntqZnfhZepGmLbASMA8Ow5iEL8glNwVsw==
  dependencies:
    "@girs/gjs" "^3.3.0"
    "@girs/gobject-2.0" "^2.78.0-3.3.0"

"@girs/gmodule-2.0@^2.0.0-3.3.0":
  version "2.0.0-3.3.0"
  resolved "https://registry.yarnpkg.com/@girs/gmodule-2.0/-/gmodule-2.0-2.0.0-3.3.0.tgz#4985e534b9fb37786dc624942297a7399820daa1"
  integrity sha512-laYKNuio+V14PwjYZZ2K86BpotIf9IlnGJwsaS9iHHjLPCTY3Uq38DTV2ahnyTY7C9K25JT25UFXh2hPfYudqw==
  dependencies:
    "@girs/gjs" "^3.3.0"
    "@girs/glib-2.0" "^2.78.0-3.3.0"
    "@girs/gobject-2.0" "^2.78.0-3.3.0"

"@girs/gobject-2.0@^2.78.0-3.3.0":
  version "2.78.0-3.3.0"
  resolved "https://registry.yarnpkg.com/@girs/gobject-2.0/-/gobject-2.0-2.78.0-3.3.0.tgz#b4c5f615941208644883845cf4d54fdce8b573bb"
  integrity sha512-s6IpE1o9uAf8kZgncWjdYerErhWXgszIFHXEvvyKR8csI36SFD730CqJRiCepP2okoJmD0Vi3jrnuq5jb8wIMA==
  dependencies:
    "@girs/gjs" "^3.3.0"
    "@girs/glib-2.0" "^2.78.0-3.3.0"

"@girs/graphene-1.0@^1.0.0-3.3.0":
  version "1.0.0-3.3.0"
  resolved "https://registry.yarnpkg.com/@girs/graphene-1.0/-/graphene-1.0-1.0.0-3.3.0.tgz#d6010e675b94780003f6e41542f7d65693faf2b1"
  integrity sha512-cXQ5wGaoVx52dDwPnhb4nfgX3MEvN8uKX8yABLYlD9JyvtkCyZ48DV8l/G3MuHWT+vbwp7uLPA46XV7ABbiuhA==
  dependencies:
    "@girs/gjs" "^3.3.0"
    "@girs/glib-2.0" "^2.78.0-3.3.0"
    "@girs/gobject-2.0" "^2.78.0-3.3.0"

"@girs/gsk-4.0@^4.0.0-3.3.0":
  version "4.0.0-3.3.0"
  resolved "https://registry.yarnpkg.com/@girs/gsk-4.0/-/gsk-4.0-4.0.0-3.3.0.tgz#d7f59b594d2b790efd05ab97bdd18345d7ad9454"
  integrity sha512-B7XWkYpRE84KdGAZ+d07mi76tAinFKAzDivb0DwYEWri6afmbCNh/ZqRyRoMd7eZAgGufDEGKGGU1g1ryrvS4w==
  dependencies:
    "@girs/cairo-1.0" "^1.0.0-3.3.0"
    "@girs/freetype2-2.0" "^2.0.0-3.3.0"
    "@girs/gdk-4.0" "^4.0.0-3.3.0"
    "@girs/gdkpixbuf-2.0" "^2.0.0-3.3.0"
    "@girs/gio-2.0" "^2.78.0-3.3.0"
    "@girs/gjs" "^3.3.0"
    "@girs/glib-2.0" "^2.78.0-3.3.0"
    "@girs/gmodule-2.0" "^2.0.0-3.3.0"
    "@girs/gobject-2.0" "^2.78.0-3.3.0"
    "@girs/graphene-1.0" "^1.0.0-3.3.0"
    "@girs/harfbuzz-0.0" "^8.2.1-3.3.0"
    "@girs/pango-1.0" "^1.51.0-3.3.0"
    "@girs/pangocairo-1.0" "^1.0.0-3.3.0"

"@girs/gtk-4.0@^4.12.5-3.3.0":
  version "4.12.5-3.3.0"
  resolved "https://registry.yarnpkg.com/@girs/gtk-4.0/-/gtk-4.0-4.12.5-3.3.0.tgz#ea0c7694ef7f8c835a2f090d2cd9be9e2d7765a1"
  integrity sha512-J7F54w6GhYWOmV05l/gDWg8L16JUmQtVgmhVrlM0oMiRBR9hs75rPVsTFx5VslwcJ3chxFBwJrQeK79TYwLprA==
  dependencies:
    "@girs/cairo-1.0" "^1.0.0-3.3.0"
    "@girs/freetype2-2.0" "^2.0.0-3.3.0"
    "@girs/gdk-4.0" "^4.0.0-3.3.0"
    "@girs/gdkpixbuf-2.0" "^2.0.0-3.3.0"
    "@girs/gio-2.0" "^2.78.0-3.3.0"
    "@girs/gjs" "^3.3.0"
    "@girs/glib-2.0" "^2.78.0-3.3.0"
    "@girs/gmodule-2.0" "^2.0.0-3.3.0"
    "@girs/gobject-2.0" "^2.78.0-3.3.0"
    "@girs/graphene-1.0" "^1.0.0-3.3.0"
    "@girs/gsk-4.0" "^4.0.0-3.3.0"
    "@girs/harfbuzz-0.0" "^8.2.1-3.3.0"
    "@girs/pango-1.0" "^1.51.0-3.3.0"
    "@girs/pangocairo-1.0" "^1.0.0-3.3.0"

"@girs/harfbuzz-0.0@^8.2.1-3.3.0":
  version "8.2.1-3.3.0"
  resolved "https://registry.yarnpkg.com/@girs/harfbuzz-0.0/-/harfbuzz-0.0-8.2.1-3.3.0.tgz#adca56f9aff84bd9d607202c7a7c943935c1d00b"
  integrity sha512-3KxPdBMNR2IDmJaEZEZ7DBw4gF0eylIJ57ZKOWRfGsSWauUhIHkNYRY7Ig8dL3kF62certdFZpaVXO44likjzQ==
  dependencies:
    "@girs/freetype2-2.0" "^2.0.0-3.3.0"
    "@girs/gjs" "^3.3.0"
    "@girs/glib-2.0" "^2.78.0-3.3.0"
    "@girs/gobject-2.0" "^2.78.0-3.3.0"

"@girs/pango-1.0@^1.51.0-3.3.0":
  version "1.51.0-3.3.0"
  resolved "https://registry.yarnpkg.com/@girs/pango-1.0/-/pango-1.0-1.51.0-3.3.0.tgz#e43c8f3e783c30d36e3f37eb1a903cab34bb4f66"
  integrity sha512-4Y7NOi2jE0MIiVv+ljYbGbG+wvQ6lQ08nD0UTy2Y1PQwro8wfZgS3JMDD9bZ00gq2hpTKqpPApCjFCE/ZYgzZQ==
  dependencies:
    "@girs/cairo-1.0" "^1.0.0-3.3.0"
    "@girs/freetype2-2.0" "^2.0.0-3.3.0"
    "@girs/gio-2.0" "^2.78.0-3.3.0"
    "@girs/gjs" "^3.3.0"
    "@girs/glib-2.0" "^2.78.0-3.3.0"
    "@girs/gobject-2.0" "^2.78.0-3.3.0"
    "@girs/harfbuzz-0.0" "^8.2.1-3.3.0"

"@girs/pangocairo-1.0@^1.0.0-3.3.0":
  version "1.0.0-3.3.0"
  resolved "https://registry.yarnpkg.com/@girs/pangocairo-1.0/-/pangocairo-1.0-1.0.0-3.3.0.tgz#a382f5f6f4ae3331c342fd8a3e2f2aa1cbdc8a4d"
  integrity sha512-xufD30YWR2dSUznmNto3Ud87D9oWEwgY/RMUVz0iz2ADjbDXLlHym5MJ7MorOzcUAhn1q3iieidqVIkEmqB9Ng==
  dependencies:
    "@girs/cairo-1.0" "^1.0.0-3.3.0"
    "@girs/freetype2-2.0" "^2.0.0-3.3.0"
    "@girs/gio-2.0" "^2.78.0-3.3.0"
    "@girs/gjs" "^3.3.0"
    "@girs/glib-2.0" "^2.78.0-3.3.0"
    "@girs/gobject-2.0" "^2.78.0-3.3.0"
    "@girs/harfbuzz-0.0" "^8.2.1-3.3.0"
    "@girs/pango-1.0" "^1.51.0-3.3.0"

"@girs/soup-3.0@^3.4.4-3.3.0":
  version "3.4.4-3.3.0"
  resolved "https://registry.yarnpkg.com/@girs/soup-3.0/-/soup-3.0-3.4.4-3.3.0.tgz#9b18467ce8897c3543c03768849830b91b7f94bc"
  integrity sha512-KDICwH2Cn097eUdphyetVqSGbj60yui2zfiJDuRjBU2MKnIQUelmrcMSZbFA7K0EUUg3i5i9bRN9j9bGTj/XLw==
  dependencies:
    "@girs/gio-2.0" "^2.78.0-3.3.0"
    "@girs/gjs" "^3.3.0"
    "@girs/glib-2.0" "^2.78.0-3.3.0"
    "@girs/gobject-2.0" "^2.78.0-3.3.0"
