# THIS IS AN AUTOGENERATED FILE. DO NOT EDIT THIS FILE DIRECTLY.
# yarn lockfile v1


"@girs/adw-1@^1.4.0-3.2.6":
  version "1.4.0-3.2.6"
  resolved "https://registry.yarnpkg.com/@girs/adw-1/-/adw-1-1.4.0-3.2.6.tgz#2b27f981fda880033c1298c8aea03c66e21c2ed2"
  integrity sha512-bnim64bRBv+WB3Sfsmcq9nh2Iq8PG0axJLqVBG9lgT8KsZZvVHWLv3rR6Hye9MXaySz7vQ1Ne0beXkl17Iseaw==
  dependencies:
    "@girs/cairo-1.0" "^1.0.0-3.2.6"
    "@girs/freetype2-2.0" "^2.0.0-3.2.6"
    "@girs/gdk-4.0" "^4.0.0-3.2.6"
    "@girs/gdkpixbuf-2.0" "^2.0.0-3.2.6"
    "@girs/gio-2.0" "^2.78.0-3.2.6"
    "@girs/gjs" "^3.2.6"
    "@girs/glib-2.0" "^2.78.0-3.2.6"
    "@girs/gmodule-2.0" "^2.0.0-3.2.6"
    "@girs/gobject-2.0" "^2.78.0-3.2.6"
    "@girs/graphene-1.0" "^1.0.0-3.2.6"
    "@girs/gsk-4.0" "^4.0.0-3.2.6"
    "@girs/gtk-4.0" "^4.12.3-3.2.6"
    "@girs/harfbuzz-0.0" "^8.2.1-3.2.6"
    "@girs/pango-1.0" "^1.51.0-3.2.6"
    "@girs/pangocairo-1.0" "^1.0.0-3.2.6"

"@girs/cairo-1.0@^1.0.0-3.2.6":
  version "1.0.0-3.2.6"
  resolved "https://registry.yarnpkg.com/@girs/cairo-1.0/-/cairo-1.0-1.0.0-3.2.6.tgz#37a57641f57398d9804e84253ad5c05e319e6511"
  integrity sha512-cQa1/DpWc3bysBVZlvQCPQXRTFGQQk89iVQe3aU3hLK4NpTSIZrgx0DpIfgR0/mgwGZOFpJyN4eZC63JXZlZnw==
  dependencies:
    "@girs/gjs" "^3.2.6"
    "@girs/glib-2.0" "^2.78.0-3.2.6"
    "@girs/gobject-2.0" "^2.78.0-3.2.6"

"@girs/freetype2-2.0@^2.0.0-3.2.6":
  version "2.0.0-3.2.6"
  resolved "https://registry.yarnpkg.com/@girs/freetype2-2.0/-/freetype2-2.0-2.0.0-3.2.6.tgz#b7283e0379487fa87de1b32ce03a6c79534cecd9"
  integrity sha512-E8utYdnopbL0DxArc6KE95824xuWomzkEydVxNsaJqksusvItJR9T85JhQeHwtcKZbfxuFvrglO8cCCL7LrCLA==
  dependencies:
    "@girs/gjs" "^3.2.6"
    "@girs/gobject-2.0" "^2.78.0-3.2.6"

"@girs/gdk-4.0@^4.0.0-3.2.6":
  version "4.0.0-3.2.6"
  resolved "https://registry.yarnpkg.com/@girs/gdk-4.0/-/gdk-4.0-4.0.0-3.2.6.tgz#7814f64ec560d6cdf9600d1214c6dcc84a78a0d3"
  integrity sha512-HKdl6+WPjn0lXmlH9tf1mKBnOUbzlQ2blLQ+MTxoXK+202POCZYz1gHBuvy+GH48pGKpOwTo1oP3NOcoRVMCfA==
  dependencies:
    "@girs/cairo-1.0" "^1.0.0-3.2.6"
    "@girs/freetype2-2.0" "^2.0.0-3.2.6"
    "@girs/gdkpixbuf-2.0" "^2.0.0-3.2.6"
    "@girs/gio-2.0" "^2.78.0-3.2.6"
    "@girs/gjs" "^3.2.6"
    "@girs/glib-2.0" "^2.78.0-3.2.6"
    "@girs/gmodule-2.0" "^2.0.0-3.2.6"
    "@girs/gobject-2.0" "^2.78.0-3.2.6"
    "@girs/harfbuzz-0.0" "^8.2.1-3.2.6"
    "@girs/pango-1.0" "^1.51.0-3.2.6"
    "@girs/pangocairo-1.0" "^1.0.0-3.2.6"

"@girs/gdkpixbuf-2.0@^2.0.0-3.2.6":
  version "2.0.0-3.2.6"
  resolved "https://registry.yarnpkg.com/@girs/gdkpixbuf-2.0/-/gdkpixbuf-2.0-2.0.0-3.2.6.tgz#be30befceda3ae3f08b6c72d9a8fac38a6f0f372"
  integrity sha512-iJyUeBzd09Qz6XgfCU0j22cG9xUmRW7V2Y8Uak04NEDt0JmbjIsTnsLUS1dtJ+pJH7+qccijJHVzTbQPnNVUsQ==
  dependencies:
    "@girs/gio-2.0" "^2.78.0-3.2.6"
    "@girs/gjs" "^3.2.6"
    "@girs/glib-2.0" "^2.78.0-3.2.6"
    "@girs/gmodule-2.0" "^2.0.0-3.2.6"
    "@girs/gobject-2.0" "^2.78.0-3.2.6"

"@girs/gio-2.0@^2.78.0-3.2.6":
  version "2.78.0-3.2.6"
  resolved "https://registry.yarnpkg.com/@girs/gio-2.0/-/gio-2.0-2.78.0-3.2.6.tgz#919aa531ae8867386f994864439debaa1ee2415d"
  integrity sha512-MmPAB3gB5V2I5sfrbsj9D5/+iIcbkfqDYq8fAgLXav558xSDNjux+lNykxawL1oCNcxr+kC2PguYhnLEFCgxmA==
  dependencies:
    "@girs/gjs" "^3.2.6"
    "@girs/glib-2.0" "^2.78.0-3.2.6"
    "@girs/gobject-2.0" "^2.78.0-3.2.6"

"@girs/gjs@^3.2.6":
  version "3.2.6"
  resolved "https://registry.yarnpkg.com/@girs/gjs/-/gjs-3.2.6.tgz#4d79229dbcd338ad54c7e6f9b09f4a0315edfb66"
  integrity sha512-PY1i3RzkTw+kp/OKalPg5O6BHEiBq82PPq41GDivlkbrWcY1fX4UqcdjXBU7L0mRFd2po8ciVW9J0/yheyXXIg==
  dependencies:
    "@girs/glib-2.0" "^2.78.0-3.2.6"
    "@girs/gobject-2.0" "^2.78.0-3.2.6"

"@girs/glib-2.0@^2.78.0-3.2.6":
  version "2.78.0-3.2.6"
  resolved "https://registry.yarnpkg.com/@girs/glib-2.0/-/glib-2.0-2.78.0-3.2.6.tgz#1e007755534a7f7f17a2f035dc39ab8af49d7321"
  integrity sha512-grdCdAH+mfdzoz5iMNKsvu+BSaJWaCdLcMyoa0tq/+Rz84D/2GmLslyomjFXzA7Xr6BrIXOzgHaTuRrCZNtnmw==
  dependencies:
    "@girs/gjs" "^3.2.6"
    "@girs/gobject-2.0" "^2.78.0-3.2.6"

"@girs/gmodule-2.0@^2.0.0-3.2.6":
  version "2.0.0-3.2.6"
  resolved "https://registry.yarnpkg.com/@girs/gmodule-2.0/-/gmodule-2.0-2.0.0-3.2.6.tgz#7781caf014bf79b7e3e27ddcd76d9ef3585580bd"
  integrity sha512-KNkdMFTH0vzJMO/aIkLzue8xO0Oz+BlX8SbP+yVzEMtb+jlFzLd3VxA1W+60V3xpxkzSZbXbdCuSjBOx9hSaSA==
  dependencies:
    "@girs/gjs" "^3.2.6"
    "@girs/glib-2.0" "^2.78.0-3.2.6"
    "@girs/gobject-2.0" "^2.78.0-3.2.6"

"@girs/gobject-2.0@^2.78.0-3.2.6":
  version "2.78.0-3.2.6"
  resolved "https://registry.yarnpkg.com/@girs/gobject-2.0/-/gobject-2.0-2.78.0-3.2.6.tgz#12f33cd1ed2691c376f9d03b280b1bc30823e3b5"
  integrity sha512-Yyy+hTpczMgkdgVADnSt4idEa29ZKFIbQTHjZutsUkn2kF3fxQMD7fQUpr03d0DSXY7gLKMwDtXq4XkH4cy0lg==
  dependencies:
    "@girs/gjs" "^3.2.6"
    "@girs/glib-2.0" "^2.78.0-3.2.6"

"@girs/graphene-1.0@^1.0.0-3.2.6":
  version "1.0.0-3.2.6"
  resolved "https://registry.yarnpkg.com/@girs/graphene-1.0/-/graphene-1.0-1.0.0-3.2.6.tgz#52bacf9a645d28edcb3f85a811bc437ce1563db4"
  integrity sha512-ypxK6ZEdoVP/UaBX+SoKqFMA4mldCGNl3n+20EbaCCbMZ1thXjn6xTvuisPJS24aaCIG7peSM0WR55d8IrY1+Q==
  dependencies:
    "@girs/gjs" "^3.2.6"
    "@girs/glib-2.0" "^2.78.0-3.2.6"
    "@girs/gobject-2.0" "^2.78.0-3.2.6"

"@girs/gsk-4.0@^4.0.0-3.2.6":
  version "4.0.0-3.2.6"
  resolved "https://registry.yarnpkg.com/@girs/gsk-4.0/-/gsk-4.0-4.0.0-3.2.6.tgz#2a6c5cb325bb9f52b899f7182376770d8625aca3"
  integrity sha512-R7ZulhSmrCiOqcqBs1eE44KjdYlQ9FuO7gaanvicTaQ+Nqts8NgGF+NU+46XHD4ckshP0/rM6UmP1weVH4Sr+A==
  dependencies:
    "@girs/cairo-1.0" "^1.0.0-3.2.6"
    "@girs/freetype2-2.0" "^2.0.0-3.2.6"
    "@girs/gdk-4.0" "^4.0.0-3.2.6"
    "@girs/gdkpixbuf-2.0" "^2.0.0-3.2.6"
    "@girs/gio-2.0" "^2.78.0-3.2.6"
    "@girs/gjs" "^3.2.6"
    "@girs/glib-2.0" "^2.78.0-3.2.6"
    "@girs/gmodule-2.0" "^2.0.0-3.2.6"
    "@girs/gobject-2.0" "^2.78.0-3.2.6"
    "@girs/graphene-1.0" "^1.0.0-3.2.6"
    "@girs/harfbuzz-0.0" "^8.2.1-3.2.6"
    "@girs/pango-1.0" "^1.51.0-3.2.6"
    "@girs/pangocairo-1.0" "^1.0.0-3.2.6"

"@girs/gtk-4.0@^4.12.3-3.2.6":
  version "4.12.3-3.2.6"
  resolved "https://registry.yarnpkg.com/@girs/gtk-4.0/-/gtk-4.0-4.12.3-3.2.6.tgz#ab20610a48fa91837d9f8661b143cd48a98231a4"
  integrity sha512-Weg68QZzVe7X1YEDL/8GMWd1CqoeQbmjA3HcW23M4CeiCdEBwLUk7d/oZLcn35vDyMRmiT/83wb5F0ktXKqvKw==
  dependencies:
    "@girs/cairo-1.0" "^1.0.0-3.2.6"
    "@girs/freetype2-2.0" "^2.0.0-3.2.6"
    "@girs/gdk-4.0" "^4.0.0-3.2.6"
    "@girs/gdkpixbuf-2.0" "^2.0.0-3.2.6"
    "@girs/gio-2.0" "^2.78.0-3.2.6"
    "@girs/gjs" "^3.2.6"
    "@girs/glib-2.0" "^2.78.0-3.2.6"
    "@girs/gmodule-2.0" "^2.0.0-3.2.6"
    "@girs/gobject-2.0" "^2.78.0-3.2.6"
    "@girs/graphene-1.0" "^1.0.0-3.2.6"
    "@girs/gsk-4.0" "^4.0.0-3.2.6"
    "@girs/harfbuzz-0.0" "^8.2.1-3.2.6"
    "@girs/pango-1.0" "^1.51.0-3.2.6"
    "@girs/pangocairo-1.0" "^1.0.0-3.2.6"

"@girs/harfbuzz-0.0@^8.2.1-3.2.6":
  version "8.2.1-3.2.6"
  resolved "https://registry.yarnpkg.com/@girs/harfbuzz-0.0/-/harfbuzz-0.0-8.2.1-3.2.6.tgz#7f4ba4322ee7da66103328ae66cb8c07139d5a98"
  integrity sha512-SHaXwp01mfWxwAJAtagZ/b+dnqGnjzr/9qLv3KUEfBx1P3eI6oSB0xbpi+c/yXrrbIjZd1vuVkCsdchy+Spj8w==
  dependencies:
    "@girs/freetype2-2.0" "^2.0.0-3.2.6"
    "@girs/gjs" "^3.2.6"
    "@girs/glib-2.0" "^2.78.0-3.2.6"
    "@girs/gobject-2.0" "^2.78.0-3.2.6"

"@girs/pango-1.0@^1.51.0-3.2.6":
  version "1.51.0-3.2.6"
  resolved "https://registry.yarnpkg.com/@girs/pango-1.0/-/pango-1.0-1.51.0-3.2.6.tgz#fb6a4f82a6c239af9d8528c46c684dc749d75a69"
  integrity sha512-8c+YXB/+OkEM0EZ3t2czVLPutklUF3AQFb6lYHrdzIYSmdMDUNCHT2dJ85ug1SKHZ/HfKl/bsMz9PTqXGYIT8Q==
  dependencies:
    "@girs/cairo-1.0" "^1.0.0-3.2.6"
    "@girs/freetype2-2.0" "^2.0.0-3.2.6"
    "@girs/gio-2.0" "^2.78.0-3.2.6"
    "@girs/gjs" "^3.2.6"
    "@girs/glib-2.0" "^2.78.0-3.2.6"
    "@girs/gobject-2.0" "^2.78.0-3.2.6"
    "@girs/harfbuzz-0.0" "^8.2.1-3.2.6"

"@girs/pangocairo-1.0@^1.0.0-3.2.6":
  version "1.0.0-3.2.6"
  resolved "https://registry.yarnpkg.com/@girs/pangocairo-1.0/-/pangocairo-1.0-1.0.0-3.2.6.tgz#18cc0cec5d18433af44acf0555ea0eac067e45db"
  integrity sha512-5Gv7B7hdSuDu779CF45hWnirb35F9N+lgLhZ2JUGut8ljoCJ42sWnSK9wbRp4xZnLSClaBUQ8JYXVD9/0s79Tg==
  dependencies:
    "@girs/cairo-1.0" "^1.0.0-3.2.6"
    "@girs/freetype2-2.0" "^2.0.0-3.2.6"
    "@girs/gio-2.0" "^2.78.0-3.2.6"
    "@girs/gjs" "^3.2.6"
    "@girs/glib-2.0" "^2.78.0-3.2.6"
    "@girs/gobject-2.0" "^2.78.0-3.2.6"
    "@girs/harfbuzz-0.0" "^8.2.1-3.2.6"
    "@girs/pango-1.0" "^1.51.0-3.2.6"
